
Microsoft Visual Studio Solution File, Format Version 12.00
# Visual Studio Version 17
VisualStudioVersion = 17.4.33122.133
MinimumVisualStudioVersion = 10.0.40219.1
Project("{9A19103F-16F7-4668-BE54-9A1E7A4F7556}") = "Frontend", "Frontend\Frontend.csproj", "{BDBC904B-490A-471A-9420-7888880AD679}"
EndProject
Project("{9A19103F-16F7-4668-BE54-9A1E7A4F7556}") = "Backend", "..\Backend\Backend\Backend.csproj", "{712573AB-2225-48DF-982A-1230CB51C643}"
EndProject
Global
	GlobalSection(SolutionConfigurationPlatforms) = preSolution
		Debug|Any CPU = Debug|Any CPU
		Release|Any CPU = Release|Any CPU
	EndGlobalSection
	GlobalSection(ProjectConfigurationPlatforms) = postSolution
		{BDBC904B-490A-471A-9420-7888880AD679}.Debug|Any CPU.ActiveCfg = Debug|Any CPU
		{BDBC904B-490A-471A-9420-7888880AD679}.Debug|Any CPU.Build.0 = Debug|Any CPU
		{BDBC904B-490A-471A-9420-7888880AD679}.Release|Any CPU.ActiveCfg = Release|Any CPU
		{BDBC904B-490A-471A-9420-7888880AD679}.Release|Any CPU.Build.0 = Release|Any CPU
		{712573AB-2225-48DF-982A-1230CB51C643}.Debug|Any CPU.ActiveCfg = Debug|Any CPU
		{712573AB-2225-48DF-982A-1230CB51C643}.Debug|Any CPU.Build.0 = Debug|Any CPU
		{712573AB-2225-48DF-982A-1230CB51C643}.Release|Any CPU.ActiveCfg = Release|Any CPU
		{712573AB-2225-48DF-982A-1230CB51C643}.Release|Any CPU.Build.0 = Release|Any CPU
	EndGlobalSection
	GlobalSection(SolutionProperties) = preSolution
		HideSolutionNode = FALSE
	EndGlobalSection
	GlobalSection(ExtensibilityGlobals) = postSolution
		SolutionGuid = {6978BF54-C65E-43EC-B3A0-61DAAC82A774}
	EndGlobalSection
EndGlobal
