
Microsoft Visual Studio Solution File, Format Version 12.00
# Visual Studio Version 17
VisualStudioVersion = 17.4.33122.133
MinimumVisualStudioVersion = 10.0.40219.1
Project("{FAE04EC0-301F-11D3-BF4B-00C04F79EFBC}") = "Common", "Common\Common.csproj", "{6FE71CC8-05F4-47E3-8106-EE56E7D6D054}"
EndProject
Project("{9A19103F-16F7-4668-BE54-9A1E7A4F7556}") = "Backend", "..\Backend\Backend\Backend.csproj", "{409714D7-8826-4DE5-8D3D-863137B64D20}"
EndProject
Global
	GlobalSection(SolutionConfigurationPlatforms) = preSolution
		Debug|Any CPU = Debug|Any CPU
		Release|Any CPU = Release|Any CPU
	EndGlobalSection
	GlobalSection(ProjectConfigurationPlatforms) = postSolution
		{6FE71CC8-05F4-47E3-8106-EE56E7D6D054}.Debug|Any CPU.ActiveCfg = Debug|Any CPU
		{6FE71CC8-05F4-47E3-8106-EE56E7D6D054}.Debug|Any CPU.Build.0 = Debug|Any CPU
		{6FE71CC8-05F4-47E3-8106-EE56E7D6D054}.Release|Any CPU.ActiveCfg = Release|Any CPU
		{6FE71CC8-05F4-47E3-8106-EE56E7D6D054}.Release|Any CPU.Build.0 = Release|Any CPU
		{409714D7-8826-4DE5-8D3D-863137B64D20}.Debug|Any CPU.ActiveCfg = Debug|Any CPU
		{409714D7-8826-4DE5-8D3D-863137B64D20}.Debug|Any CPU.Build.0 = Debug|Any CPU
		{409714D7-8826-4DE5-8D3D-863137B64D20}.Release|Any CPU.ActiveCfg = Release|Any CPU
		{409714D7-8826-4DE5-8D3D-863137B64D20}.Release|Any CPU.Build.0 = Release|Any CPU
	EndGlobalSection
	GlobalSection(SolutionProperties) = preSolution
		HideSolutionNode = FALSE
	EndGlobalSection
	GlobalSection(ExtensibilityGlobals) = postSolution
		SolutionGuid = {5A5402DD-655F-42FA-9294-70EBB1B3E369}
	EndGlobalSection
EndGlobal
